
Microsoft Visual Studio Solution File, Format Version 12.00
# Visual Studio Version 17
VisualStudioVersion = 17.14.36121.58 d17.14
MinimumVisualStudioVersion = 10.0.40219.1
Project("{FAE04EC0-301F-11D3-BF4B-00C04F79EFBC}") = "Contact transformed", "Contact transformed\Contact transformed.csproj", "{F1177423-0D85-428F-A5AA-DD47F1481705}"
EndProject
Global
	GlobalSection(SolutionConfigurationPlatforms) = preSolution
		Debug|Any CPU = Debug|Any CPU
		Release|Any CPU = Release|Any CPU
	EndGlobalSection
	GlobalSection(ProjectConfigurationPlatforms) = postSolution
		{F1177423-0D85-428F-A5AA-DD47F1481705}.Debug|Any CPU.ActiveCfg = Debug|Any CPU
		{F1177423-0D85-428F-A5AA-DD47F1481705}.Debug|Any CPU.Build.0 = Debug|Any CPU
		{F1177423-0D85-428F-A5AA-DD47F1481705}.Release|Any CPU.ActiveCfg = Release|Any CPU
		{F1177423-0D85-428F-A5AA-DD47F1481705}.Release|Any CPU.Build.0 = Release|Any CPU
	EndGlobalSection
	GlobalSection(SolutionProperties) = preSolution
		HideSolutionNode = FALSE
	EndGlobalSection
	GlobalSection(ExtensibilityGlobals) = postSolution
		SolutionGuid = {78C0FC8E-BD25-4E4E-89AC-F6FEC0D428A1}
	EndGlobalSection
EndGlobal
